
Microsoft Visual Studio Solution File, Format Version 12.00
# Visual Studio Version 16
VisualStudioVersion = 16.0.33529.622
MinimumVisualStudioVersion = 10.0.40219.1
Project("{FAE04EC0-301F-11D3-BF4B-00C04F79EFBC}") = "WindowsFormsApp1", "WindowsFormsApp1.csproj", "{C0655CE8-6BBB-428A-9A30-45E29AF26383}"
EndProject
Global
	GlobalSection(SolutionConfigurationPlatforms) = preSolution
		Debug|Any CPU = Debug|Any CPU
		Release|Any CPU = Release|Any CPU
	EndGlobalSection
	GlobalSection(ProjectConfigurationPlatforms) = postSolution
		{C0655CE8-6BBB-428A-9A30-45E29AF26383}.Debug|Any CPU.ActiveCfg = Debug|Any CPU
		{C0655CE8-6BBB-428A-9A30-45E29AF26383}.Debug|Any CPU.Build.0 = Debug|Any CPU
		{C0655CE8-6BBB-428A-9A30-45E29AF26383}.Release|Any CPU.ActiveCfg = Release|Any CPU
		{C0655CE8-6BBB-428A-9A30-45E29AF26383}.Release|Any CPU.Build.0 = Release|Any CPU
	EndGlobalSection
	GlobalSection(SolutionProperties) = preSolution
		HideSolutionNode = FALSE
	EndGlobalSection
	GlobalSection(ExtensibilityGlobals) = postSolution
		SolutionGuid = {AD94D3AE-A63A-4F52-9124-6ED4403A1FD6}
	EndGlobalSection
EndGlobal
